// !$*UTF8*$!
{
	archiveVersion = 1;
	classes = {
	};
	objectVersion = 46;
	objects = {

/* Begin PBXBuildFile section */
		933289D3196BDB3B0058946B /* Foundation.framework in Frameworks */ = {isa = PBXBuildFile; fileRef = 933289D2196BDB3B0058946B /* Foundation.framework */; };
		933289D5196BDB3B0058946B /* CoreGraphics.framework in Frameworks */ = {isa = PBXBuildFile; fileRef = 933289D4196BDB3B0058946B /* CoreGraphics.framework */; };
		933289D7196BDB3B0058946B /* UIKit.framework in Frameworks */ = {isa = PBXBuildFile; fileRef = 933289D6196BDB3B0058946B /* UIKit.framework */; };
		933289DD196BDB3B0058946B /* InfoPlist.strings in Resources */ = {isa = PBXBuildFile; fileRef = 933289DB196BDB3B0058946B /* InfoPlist.strings */; };
		933289DF196BDB3B0058946B /* main.m in Sources */ = {isa = PBXBuildFile; fileRef = 933289DE196BDB3B0058946B /* main.m */; };
		933289E3196BDB3B0058946B /* XCAppDelegate.m in Sources */ = {isa = PBXBuildFile; fileRef = 933289E2196BDB3B0058946B /* XCAppDelegate.m */; };
		933289E6196BDB3B0058946B /* Main.storyboard in Resources */ = {isa = PBXBuildFile; fileRef = 933289E4196BDB3B0058946B /* Main.storyboard */; };
		933289E9196BDB3B0058946B /* XCViewController.m in Sources */ = {isa = PBXBuildFile; fileRef = 933289E8196BDB3B0058946B /* XCViewController.m */; };
		933289EB196BDB3B0058946B /* Images.xcassets in Resources */ = {isa = PBXBuildFile; fileRef = 933289EA196BDB3B0058946B /* Images.xcassets */; };
/* End PBXBuildFile section */

/* Begin PBXFileReference section */
		933289CF196BDB3B0058946B /* TinyPush.app */ = {isa = PBXFileReference; explicitFileType = wrapper.application; includeInIndex = 0; path = TinyPush.app; sourceTree = BUILT_PRODUCTS_DIR; };
		933289D2196BDB3B0058946B /* Foundation.framework */ = {isa = PBXFileReference; lastKnownFileType = wrapper.framework; name = Foundation.framework; path = System/Library/Frameworks/Foundation.framework; sourceTree = SDKROOT; };
		933289D4196BDB3B0058946B /* CoreGraphics.framework */ = {isa = PBXFileReference; lastKnownFileType = wrapper.framework; name = CoreGraphics.framework; path = System/Library/Frameworks/CoreGraphics.framework; sourceTree = SDKROOT; };
		933289D6196BDB3B0058946B /* UIKit.framework */ = {isa = PBXFileReference; lastKnownFileType = wrapper.framework; name = UIKit.framework; path = System/Library/Frameworks/UIKit.framework; sourceTree = SDKROOT; };
		933289DA196BDB3B0058946B /* TinyPush-Info.plist */ = {isa = PBXFileReference; lastKnownFileType = text.plist.xml; path = "TinyPush-Info.plist"; sourceTree = "<group>"; };
		933289DC196BDB3B0058946B /* en */ = {isa = PBXFileReference; lastKnownFileType = text.plist.strings; name = en; path = en.lproj/InfoPlist.strings; sourceTree = "<group>"; };
		933289DE196BDB3B0058946B /* main.m */ = {isa = PBXFileReference; lastKnownFileType = sourcecode.c.objc; path = main.m; sourceTree = "<group>"; };
		933289E0196BDB3B0058946B /* TinyPush-Prefix.pch */ = {isa = PBXFileReference; lastKnownFileType = sourcecode.c.h; path = "TinyPush-Prefix.pch"; sourceTree = "<group>"; };
		933289E1196BDB3B0058946B /* XCAppDelegate.h */ = {isa = PBXFileReference; lastKnownFileType = sourcecode.c.h; path = XCAppDelegate.h; sourceTree = "<group>"; };
		933289E2196BDB3B0058946B /* XCAppDelegate.m */ = {isa = PBXFileReference; lastKnownFileType = sourcecode.c.objc; path = XCAppDelegate.m; sourceTree = "<group>"; };
		933289E5196BDB3B0058946B /* Base */ = {isa = PBXFileReference; lastKnownFileType = file.storyboard; name = Base; path = Base.lproj/Main.storyboard; sourceTree = "<group>"; };
		933289E7196BDB3B0058946B /* XCViewController.h */ = {isa = PBXFileReference; lastKnownFileType = sourcecode.c.h; path = XCViewController.h; sourceTree = "<group>"; };
		933289E8196BDB3B0058946B /* XCViewController.m */ = {isa = PBXFileReference; lastKnownFileType = sourcecode.c.objc; path = XCViewController.m; sourceTree = "<group>"; };
		933289EA196BDB3B0058946B /* Images.xcassets */ = {isa = PBXFileReference; lastKnownFileType = folder.assetcatalog; path = Images.xcassets; sourceTree = "<group>"; };
		933289F1196BDB3B0058946B /* XCTest.framework */ = {isa = PBXFileReference; lastKnownFileType = wrapper.framework; name = XCTest.framework; path = Library/Frameworks/XCTest.framework; sourceTree = DEVELOPER_DIR; };
/* End PBXFileReference section */

/* Begin PBXFrameworksBuildPhase section */
		933289CC196BDB3B0058946B /* Frameworks */ = {
			isa = PBXFrameworksBuildPhase;
			buildActionMask = 2147483647;
			files = (
				933289D5196BDB3B0058946B /* CoreGraphics.framework in Frameworks */,
				933289D7196BDB3B0058946B /* UIKit.framework in Frameworks */,
				933289D3196BDB3B0058946B /* Foundation.framework in Frameworks */,
			);
			runOnlyForDeploymentPostprocessing = 0;
		};
/* End PBXFrameworksBuildPhase section */

/* Begin PBXGroup section */
		933289C6196BDB3B0058946B = {
			isa = PBXGroup;
			children = (
				933289D8196BDB3B0058946B /* TinyPush */,
				933289D1196BDB3B0058946B /* Frameworks */,
				933289D0196BDB3B0058946B /* Products */,
			);
			sourceTree = "<group>";
		};
		933289D0196BDB3B0058946B /* Products */ = {
			isa = PBXGroup;
			children = (
				933289CF196BDB3B0058946B /* TinyPush.app */,
			);
			name = Products;
			sourceTree = "<group>";
		};
		933289D1196BDB3B0058946B /* Frameworks */ = {
			isa = PBXGroup;
			children = (
				933289D2196BDB3B0058946B /* Foundation.framework */,
				933289D4196BDB3B0058946B /* CoreGraphics.framework */,
				933289D6196BDB3B0058946B /* UIKit.framework */,
				933289F1196BDB3B0058946B /* XCTest.framework */,
			);
			name = Frameworks;
			sourceTree = "<group>";
		};
		933289D8196BDB3B0058946B /* TinyPush */ = {
			isa = PBXGroup;
			children = (
				933289E1196BDB3B0058946B /* XCAppDelegate.h */,
				933289E2196BDB3B0058946B /* XCAppDelegate.m */,
				933289E4196BDB3B0058946B /* Main.storyboard */,
				933289E7196BDB3B0058946B /* XCViewController.h */,
				933289E8196BDB3B0058946B /* XCViewController.m */,
				933289EA196BDB3B0058946B /* Images.xcassets */,
				933289D9196BDB3B0058946B /* Supporting Files */,
			);
			path = TinyPush;
			sourceTree = "<group>";
		};
		933289D9196BDB3B0058946B /* Supporting Files */ = {
			isa = PBXGroup;
			children = (
				933289DA196BDB3B0058946B /* TinyPush-Info.plist */,
				933289DB196BDB3B0058946B /* InfoPlist.strings */,
				933289DE196BDB3B0058946B /* main.m */,
				933289E0196BDB3B0058946B /* TinyPush-Prefix.pch */,
			);
			name = "Supporting Files";
			sourceTree = "<group>";
		};
/* End PBXGroup section */

/* Begin PBXNativeTarget section */
		933289CE196BDB3B0058946B /* TinyPush */ = {
			isa = PBXNativeTarget;
			buildConfigurationList = 93328A01196BDB3B0058946B /* Build configuration list for PBXNativeTarget "TinyPush" */;
			buildPhases = (
				933289CB196BDB3B0058946B /* Sources */,
				933289CC196BDB3B0058946B /* Frameworks */,
				933289CD196BDB3B0058946B /* Resources */,
			);
			buildRules = (
			);
			dependencies = (
			);
			name = TinyPush;
			productName = TinyPush;
			productReference = 933289CF196BDB3B0058946B /* TinyPush.app */;
			productType = "com.apple.product-type.application";
		};
/* End PBXNativeTarget section */

/* Begin PBXProject section */
		933289C7196BDB3B0058946B /* Project object */ = {
			isa = PBXProject;
			attributes = {
				CLASSPREFIX = XC;
				LastUpgradeCheck = 0510;
				ORGANIZATIONNAME = XcakeLabs;
			};
			buildConfigurationList = 933289CA196BDB3B0058946B /* Build configuration list for PBXProject "TinyPush" */;
			compatibilityVersion = "Xcode 3.2";
			developmentRegion = English;
			hasScannedForEncodings = 0;
			knownRegions = (
				en,
				Base,
			);
			mainGroup = 933289C6196BDB3B0058946B;
			productRefGroup = 933289D0196BDB3B0058946B /* Products */;
			projectDirPath = "";
			projectRoot = "";
			targets = (
				933289CE196BDB3B0058946B /* TinyPush */,
			);
		};
/* End PBXProject section */

/* Begin PBXResourcesBuildPhase section */
		933289CD196BDB3B0058946B /* Resources */ = {
			isa = PBXResourcesBuildPhase;
			buildActionMask = 2147483647;
			files = (
				933289EB196BDB3B0058946B /* Images.xcassets in Resources */,
				933289DD196BDB3B0058946B /* InfoPlist.strings in Resources */,
				933289E6196BDB3B0058946B /* Main.storyboard in Resources */,
			);
			runOnlyForDeploymentPostprocessing = 0;
		};
/* End PBXResourcesBuildPhase section */

/* Begin PBXSourcesBuildPhase section */
		933289CB196BDB3B0058946B /* Sources */ = {
			isa = PBXSourcesBuildPhase;
			buildActionMask = 2147483647;
			files = (
				933289DF196BDB3B0058946B /* main.m in Sources */,
				933289E3196BDB3B0058946B /* XCAppDelegate.m in Sources */,
				933289E9196BDB3B0058946B /* XCViewController.m in Sources */,
			);
			runOnlyForDeploymentPostprocessing = 0;
		};
/* End PBXSourcesBuildPhase section */

/* Begin PBXVariantGroup section */
		933289DB196BDB3B0058946B /* InfoPlist.strings */ = {
			isa = PBXVariantGroup;
			children = (
				933289DC196BDB3B0058946B /* en */,
			);
			name = InfoPlist.strings;
			sourceTree = "<group>";
		};
		933289E4196BDB3B0058946B /* Main.storyboard */ = {
			isa = PBXVariantGroup;
			children = (
				933289E5196BDB3B0058946B /* Base */,
			);
			name = Main.storyboard;
			sourceTree = "<group>";
		};
/* End PBXVariantGroup section */

/* Begin XCBuildConfiguration section */
		933289FF196BDB3B0058946B /* Debug */ = {
			isa = XCBuildConfiguration;
			buildSettings = {
				ALWAYS_SEARCH_USER_PATHS = NO;
				CLANG_CXX_LANGUAGE_STANDARD = "gnu++0x";
				CLANG_CXX_LIBRARY = "libc++";
				CLANG_ENABLE_MODULES = YES;
				CLANG_ENABLE_OBJC_ARC = YES;
				CLANG_WARN_BOOL_CONVERSION = YES;
				CLANG_WARN_CONSTANT_CONVERSION = YES;
				CLANG_WARN_DIRECT_OBJC_ISA_USAGE = YES_ERROR;
				CLANG_WARN_EMPTY_BODY = YES;
				CLANG_WARN_ENUM_CONVERSION = YES;
				CLANG_WARN_INT_CONVERSION = YES;
				CLANG_WARN_OBJC_ROOT_CLASS = YES_ERROR;
				CLANG_WARN__DUPLICATE_METHOD_MATCH = YES;
				"CODE_SIGN_IDENTITY[sdk=iphoneos*]" = "";
				COPY_PHASE_STRIP = NO;
				GCC_C_LANGUAGE_STANDARD = gnu99;
				GCC_DYNAMIC_NO_PIC = NO;
				GCC_OPTIMIZATION_LEVEL = 0;
				GCC_PREPROCESSOR_DEFINITIONS = (
					"DEBUG=1",
					"$(inherited)",
				);
				GCC_SYMBOLS_PRIVATE_EXTERN = NO;
				GCC_WARN_64_TO_32_BIT_CONVERSION = YES;
				GCC_WARN_ABOUT_RETURN_TYPE = YES_ERROR;
				GCC_WARN_UNDECLARED_SELECTOR = YES;
				GCC_WARN_UNINITIALIZED_AUTOS = YES_AGGRESSIVE;
				GCC_WARN_UNUSED_FUNCTION = YES;
				GCC_WARN_UNUSED_VARIABLE = YES;
				IPHONEOS_DEPLOYMENT_TARGET = 7.1;
				ONLY_ACTIVE_ARCH = YES;
				SDKROOT = iphoneos;
			};
			name = Debug;
		};
		93328A00196BDB3B0058946B /* Release */ = {
			isa = XCBuildConfiguration;
			buildSettings = {
				ALWAYS_SEARCH_USER_PATHS = NO;
				CLANG_CXX_LANGUAGE_STANDARD = "gnu++0x";
				CLANG_CXX_LIBRARY = "libc++";
				CLANG_ENABLE_MODULES = YES;
				CLANG_ENABLE_OBJC_ARC = YES;
				CLANG_WARN_BOOL_CONVERSION = YES;
				CLANG_WARN_CONSTANT_CONVERSION = YES;
				CLANG_WARN_DIRECT_OBJC_ISA_USAGE = YES_ERROR;
				CLANG_WARN_EMPTY_BODY = YES;
				CLANG_WARN_ENUM_CONVERSION = YES;
				CLANG_WARN_INT_CONVERSION = YES;
				CLANG_WARN_OBJC_ROOT_CLASS = YES_ERROR;
				CLANG_WARN__DUPLICATE_METHOD_MATCH = YES;
				"CODE_SIGN_IDENTITY[sdk=iphoneos*]" = "";
				COPY_PHASE_STRIP = YES;
				ENABLE_NS_ASSERTIONS = NO;
				GCC_C_LANGUAGE_STANDARD = gnu99;
				GCC_WARN_64_TO_32_BIT_CONVERSION = YES;
				GCC_WARN_ABOUT_RETURN_TYPE = YES_ERROR;
				GCC_WARN_UNDECLARED_SELECTOR = YES;
				GCC_WARN_UNINITIALIZED_AUTOS = YES_AGGRESSIVE;
				GCC_WARN_UNUSED_FUNCTION = YES;
				GCC_WARN_UNUSED_VARIABLE = YES;
				IPHONEOS_DEPLOYMENT_TARGET = 7.1;
				SDKROOT = iphoneos;
				VALIDATE_PRODUCT = YES;
			};
			name = Release;
		};
		93328A02196BDB3B0058946B /* Debug */ = {
			isa = XCBuildConfiguration;
			buildSettings = {
				ASSETCATALOG_COMPILER_APPICON_NAME = AppIcon;
				ASSETCATALOG_COMPILER_LAUNCHIMAGE_NAME = LaunchImage;
				GCC_PRECOMPILE_PREFIX_HEADER = YES;
				GCC_PREFIX_HEADER = "TinyPush/TinyPush-Prefix.pch";
				INFOPLIST_FILE = "TinyPush/TinyPush-Info.plist";
				PRODUCT_NAME = "$(TARGET_NAME)";
				WRAPPER_EXTENSION = app;
			};
			name = Debug;
		};
		93328A03196BDB3B0058946B /* Release */ = {
			isa = XCBuildConfiguration;
			buildSettings = {
				ASSETCATALOG_COMPILER_APPICON_NAME = AppIcon;
				ASSETCATALOG_COMPILER_LAUNCHIMAGE_NAME = LaunchImage;
				GCC_PRECOMPILE_PREFIX_HEADER = YES;
				GCC_PREFIX_HEADER = "TinyPush/TinyPush-Prefix.pch";
				INFOPLIST_FILE = "TinyPush/TinyPush-Info.plist";
				PRODUCT_NAME = "$(TARGET_NAME)";
				WRAPPER_EXTENSION = app;
			};
			name = Release;
		};
/* End XCBuildConfiguration section */

/* Begin XCConfigurationList section */
		933289CA196BDB3B0058946B /* Build configuration list for PBXProject "TinyPush" */ = {
			isa = XCConfigurationList;
			buildConfigurations = (
				933289FF196BDB3B0058946B /* Debug */,
				93328A00196BDB3B0058946B /* Release */,
			);
			defaultConfigurationIsVisible = 0;
			defaultConfigurationName = Release;
		};
		93328A01196BDB3B0058946B /* Build configuration list for PBXNativeTarget "TinyPush" */ = {
			isa = XCConfigurationList;
			buildConfigurations = (
				93328A02196BDB3B0058946B /* Debug */,
				93328A03196BDB3B0058946B /* Release */,
			);
			defaultConfigurationIsVisible = 0;
		};
/* End XCConfigurationList section */
	};
	rootObject = 933289C7196BDB3B0058946B /* Project object */;
}
